
Microsoft Visual Studio Solution File, Format Version 12.00
# Visual Studio 15
VisualStudioVersion = 15.0.28307.421
MinimumVisualStudioVersion = 10.0.40219.1
Project("{FAE04EC0-301F-11D3-BF4B-00C04F79EFBC}") = "SocketClient", "SocketClient\SocketClient.csproj", "{FAEE1556-C162-4595-B32E-703C46911FE1}"
EndProject
Project("{FAE04EC0-301F-11D3-BF4B-00C04F79EFBC}") = "SocketServer", "SocketServer\SocketServer.csproj", "{7CDB817F-314B-4E16-8D4B-4AB7ACB91A90}"
EndProject
Project("{FAE04EC0-301F-11D3-BF4B-00C04F79EFBC}") = "SinhVienServer", "SinhVienServer\SinhVienServer.csproj", "{AFBED8A5-EDD2-4AC0-8093-D310BE2A596A}"
EndProject
Project("{FAE04EC0-301F-11D3-BF4B-00C04F79EFBC}") = "SinhVienClient", "SinhVienClient\SinhVienClient.csproj", "{F244BDC3-C7C9-4DAA-AB9C-9219A86189FF}"
EndProject
Global
	GlobalSection(SolutionConfigurationPlatforms) = preSolution
		Debug|Any CPU = Debug|Any CPU
		Release|Any CPU = Release|Any CPU
	EndGlobalSection
	GlobalSection(ProjectConfigurationPlatforms) = postSolution
		{FAEE1556-C162-4595-B32E-703C46911FE1}.Debug|Any CPU.ActiveCfg = Debug|Any CPU
		{FAEE1556-C162-4595-B32E-703C46911FE1}.Debug|Any CPU.Build.0 = Debug|Any CPU
		{FAEE1556-C162-4595-B32E-703C46911FE1}.Release|Any CPU.ActiveCfg = Release|Any CPU
		{FAEE1556-C162-4595-B32E-703C46911FE1}.Release|Any CPU.Build.0 = Release|Any CPU
		{7CDB817F-314B-4E16-8D4B-4AB7ACB91A90}.Debug|Any CPU.ActiveCfg = Debug|Any CPU
		{7CDB817F-314B-4E16-8D4B-4AB7ACB91A90}.Debug|Any CPU.Build.0 = Debug|Any CPU
		{7CDB817F-314B-4E16-8D4B-4AB7ACB91A90}.Release|Any CPU.ActiveCfg = Release|Any CPU
		{7CDB817F-314B-4E16-8D4B-4AB7ACB91A90}.Release|Any CPU.Build.0 = Release|Any CPU
		{AFBED8A5-EDD2-4AC0-8093-D310BE2A596A}.Debug|Any CPU.ActiveCfg = Debug|Any CPU
		{AFBED8A5-EDD2-4AC0-8093-D310BE2A596A}.Debug|Any CPU.Build.0 = Debug|Any CPU
		{AFBED8A5-EDD2-4AC0-8093-D310BE2A596A}.Release|Any CPU.ActiveCfg = Release|Any CPU
		{AFBED8A5-EDD2-4AC0-8093-D310BE2A596A}.Release|Any CPU.Build.0 = Release|Any CPU
		{F244BDC3-C7C9-4DAA-AB9C-9219A86189FF}.Debug|Any CPU.ActiveCfg = Debug|Any CPU
		{F244BDC3-C7C9-4DAA-AB9C-9219A86189FF}.Debug|Any CPU.Build.0 = Debug|Any CPU
		{F244BDC3-C7C9-4DAA-AB9C-9219A86189FF}.Release|Any CPU.ActiveCfg = Release|Any CPU
		{F244BDC3-C7C9-4DAA-AB9C-9219A86189FF}.Release|Any CPU.Build.0 = Release|Any CPU
	EndGlobalSection
	GlobalSection(SolutionProperties) = preSolution
		HideSolutionNode = FALSE
	EndGlobalSection
	GlobalSection(ExtensibilityGlobals) = postSolution
		SolutionGuid = {CC8D1E26-BE08-42CC-B52D-8CBEABBA122F}
	EndGlobalSection
EndGlobal
